{
  "name": "test-my-package",
  "version": "1.0.0",
  "lockfileVersion": 3,
  "requires": true,
  "packages": {
    "": {
      "name": "test-my-package",
      "version": "1.0.0",
      "license": "ISC"
    },
    "../my-utils-package": {
      "name": "@prem/utils",
      "version": "1.0.0",
      "extraneous": true,
      "license": "ISC"
    }
  }
}
